
Microsoft Visual Studio Solution File, Format Version 12.00
# Visual Studio Version 17
VisualStudioVersion = 17.9.34622.214
MinimumVisualStudioVersion = 10.0.40219.1
Project("{FAE04EC0-301F-11D3-BF4B-00C04F79EFBC}") = "ktra", "ktra.csproj", "{D88FDD39-108B-420E-B43E-ED5CF5B6B170}"
EndProject
Global
	GlobalSection(SolutionConfigurationPlatforms) = preSolution
		Debug|Any CPU = Debug|Any CPU
		Release|Any CPU = Release|Any CPU
	EndGlobalSection
	GlobalSection(ProjectConfigurationPlatforms) = postSolution
		{D88FDD39-108B-420E-B43E-ED5CF5B6B170}.Debug|Any CPU.ActiveCfg = Debug|Any CPU
		{D88FDD39-108B-420E-B43E-ED5CF5B6B170}.Debug|Any CPU.Build.0 = Debug|Any CPU
		{D88FDD39-108B-420E-B43E-ED5CF5B6B170}.Release|Any CPU.ActiveCfg = Release|Any CPU
		{D88FDD39-108B-420E-B43E-ED5CF5B6B170}.Release|Any CPU.Build.0 = Release|Any CPU
	EndGlobalSection
	GlobalSection(SolutionProperties) = preSolution
		HideSolutionNode = FALSE
	EndGlobalSection
	GlobalSection(ExtensibilityGlobals) = postSolution
		SolutionGuid = {810F4BE2-E9F2-424A-A887-F7B587F72F11}
	EndGlobalSection
EndGlobal
