
Microsoft Visual Studio Solution File, Format Version 12.00
# Visual Studio Version 17
VisualStudioVersion = 17.9.34622.214
MinimumVisualStudioVersion = 10.0.40219.1
Project("{FAE04EC0-301F-11D3-BF4B-00C04F79EFBC}") = "NguyenPhuocHien_KtraFE2", "NguyenPhuocHien_KtraFE2.csproj", "{8031805B-83A8-488E-8F72-E8BE1D0DEC86}"
EndProject
Global
	GlobalSection(SolutionConfigurationPlatforms) = preSolution
		Debug|Any CPU = Debug|Any CPU
		Release|Any CPU = Release|Any CPU
	EndGlobalSection
	GlobalSection(ProjectConfigurationPlatforms) = postSolution
		{8031805B-83A8-488E-8F72-E8BE1D0DEC86}.Debug|Any CPU.ActiveCfg = Debug|Any CPU
		{8031805B-83A8-488E-8F72-E8BE1D0DEC86}.Debug|Any CPU.Build.0 = Debug|Any CPU
		{8031805B-83A8-488E-8F72-E8BE1D0DEC86}.Release|Any CPU.ActiveCfg = Release|Any CPU
		{8031805B-83A8-488E-8F72-E8BE1D0DEC86}.Release|Any CPU.Build.0 = Release|Any CPU
	EndGlobalSection
	GlobalSection(SolutionProperties) = preSolution
		HideSolutionNode = FALSE
	EndGlobalSection
	GlobalSection(ExtensibilityGlobals) = postSolution
		SolutionGuid = {603545B6-85A8-496B-B55F-4ADBE8339551}
	EndGlobalSection
EndGlobal
