
Microsoft Visual Studio Solution File, Format Version 12.00
# Visual Studio Version 17
VisualStudioVersion = 17.9.34622.214
MinimumVisualStudioVersion = 10.0.40219.1
Project("{FAE04EC0-301F-11D3-BF4B-00C04F79EFBC}") = "onbai1", "onbai1.csproj", "{BCE9E6B6-8AFC-48CC-95C5-B172127F7AE5}"
EndProject
Global
	GlobalSection(SolutionConfigurationPlatforms) = preSolution
		Debug|Any CPU = Debug|Any CPU
		Release|Any CPU = Release|Any CPU
	EndGlobalSection
	GlobalSection(ProjectConfigurationPlatforms) = postSolution
		{BCE9E6B6-8AFC-48CC-95C5-B172127F7AE5}.Debug|Any CPU.ActiveCfg = Debug|Any CPU
		{BCE9E6B6-8AFC-48CC-95C5-B172127F7AE5}.Debug|Any CPU.Build.0 = Debug|Any CPU
		{BCE9E6B6-8AFC-48CC-95C5-B172127F7AE5}.Release|Any CPU.ActiveCfg = Release|Any CPU
		{BCE9E6B6-8AFC-48CC-95C5-B172127F7AE5}.Release|Any CPU.Build.0 = Release|Any CPU
	EndGlobalSection
	GlobalSection(SolutionProperties) = preSolution
		HideSolutionNode = FALSE
	EndGlobalSection
	GlobalSection(ExtensibilityGlobals) = postSolution
		SolutionGuid = {819DEF2E-1E84-4240-941F-217A3D9B1441}
	EndGlobalSection
EndGlobal
